lockfileVersion: 5.4

importers:

  .:
    specifiers:
      prettier: latest
      turbo: latest
    devDependencies:
      prettier: registry.npmmirror.com/prettier/2.8.4
      turbo: registry.npmmirror.com/turbo/1.8.2

packages:

  registry.npmmirror.com/prettier/2.8.4:
    resolution: {integrity: sha512-vIS4Rlc2FNh0BySk3Wkd6xmwxB0FpOndW5fisM5H8hsZSxU2VWVB5CWIkIjWvrHjIhxk2g3bfMKM87zNTrZddw==, registry: https://registry.npm.taobao.org/, tarball: https://registry.npmmirror.com/prettier/-/prettier-2.8.4.tgz}
    name: prettier
    version: 2.8.4
    engines: {node: '>=10.13.0'}
    hasBin: true
    dev: true

  registry.npmmirror.com/turbo-darwin-64/1.8.2:
    resolution: {integrity: sha512-j77U0uOeppENexFsIvvzExADSqMBEeCHnm+6LSNQfaajHSrbUVSTsuD6ZMYHamT6bslc+ZZm21jdecWkwZFBbw==, registry: https://registry.npm.taobao.org/, tarball: https://registry.npmmirror.com/turbo-darwin-64/-/turbo-darwin-64-1.8.2.tgz}
    name: turbo-darwin-64
    version: 1.8.2
    cpu: [x64]
    os: [darwin]
    requiresBuild: true
    dev: true
    optional: true

  registry.npmmirror.com/turbo-darwin-arm64/1.8.2:
    resolution: {integrity: sha512-1NoAvjlwt2wycsAFJouauy9epn9DptSMy6BoGqxJVc4jiibsLepp9qYc4f1/ln0zjd3FR1IvhGOiBfdpqMN7hg==, registry: https://registry.npm.taobao.org/, tarball: https://registry.npmmirror.com/turbo-darwin-arm64/-/turbo-darwin-arm64-1.8.2.tgz}
    name: turbo-darwin-arm64
    version: 1.8.2
    cpu: [arm64]
    os: [darwin]
    requiresBuild: true
    dev: true
    optional: true

  registry.npmmirror.com/turbo-linux-64/1.8.2:
    resolution: {integrity: sha512-TcT3CRYnBYA46kLGGbGC2jDyCEAvMgVpUdpIZGTmod48EKpZaEfVgTkpa4GJde8W68yRFogPZjPVL3yJHFpXSA==, registry: https://registry.npm.taobao.org/, tarball: https://registry.npmmirror.com/turbo-linux-64/-/turbo-linux-64-1.8.2.tgz}
    name: turbo-linux-64
    version: 1.8.2
    cpu: [x64]
    os: [linux]
    requiresBuild: true
    dev: true
    optional: true

  registry.npmmirror.com/turbo-linux-arm64/1.8.2:
    resolution: {integrity: sha512-Mb9+KBy4YJzPMZ6WGoMzMVZ6EtueCSvOvgmNpVFgkwbtabfBuaBOvN+irtg4RRSWvJQTDTziLABieocEEXZImQ==, registry: https://registry.npm.taobao.org/, tarball: https://registry.npmmirror.com/turbo-linux-arm64/-/turbo-linux-arm64-1.8.2.tgz}
    name: turbo-linux-arm64
    version: 1.8.2
    cpu: [arm64]
    os: [linux]
    requiresBuild: true
    dev: true
    optional: true

  registry.npmmirror.com/turbo-windows-64/1.8.2:
    resolution: {integrity: sha512-/+R5ikRrw2w2w38JtNPubGLIQHgUC70m783DI9aPgaM5c8P5D/Y0k6HgjuC/uXgiaz2h3R7p7YWlr+2/E0bqyA==, registry: https://registry.npm.taobao.org/, tarball: https://registry.npmmirror.com/turbo-windows-64/-/turbo-windows-64-1.8.2.tgz}
    name: turbo-windows-64
    version: 1.8.2
    cpu: [x64]
    os: [win32]
    requiresBuild: true
    dev: true
    optional: true

  registry.npmmirror.com/turbo-windows-arm64/1.8.2:
    resolution: {integrity: sha512-s07viz5nXSx4kyiksuPM4FGLRkoaGMaw0BpwFjdRQsl1p+WclUN1IPdokVPKOmFpu5pNCVYlG/raP/mXAEzDCg==, registry: https://registry.npm.taobao.org/, tarball: https://registry.npmmirror.com/turbo-windows-arm64/-/turbo-windows-arm64-1.8.2.tgz}
    name: turbo-windows-arm64
    version: 1.8.2
    cpu: [arm64]
    os: [win32]
    requiresBuild: true
    dev: true
    optional: true

  registry.npmmirror.com/turbo/1.8.2:
    resolution: {integrity: sha512-G/uJx6bZK5RwTWHsRN/MP0MvXFznmCaL3MQXdSf+OG/q0o8GE7+yivyyWEplWI1Asc8AEN909A/wlIkoz2FKTg==, registry: https://registry.npm.taobao.org/, tarball: https://registry.npmmirror.com/turbo/-/turbo-1.8.2.tgz}
    name: turbo
    version: 1.8.2
    hasBin: true
    requiresBuild: true
    optionalDependencies:
      turbo-darwin-64: registry.npmmirror.com/turbo-darwin-64/1.8.2
      turbo-darwin-arm64: registry.npmmirror.com/turbo-darwin-arm64/1.8.2
      turbo-linux-64: registry.npmmirror.com/turbo-linux-64/1.8.2
      turbo-linux-arm64: registry.npmmirror.com/turbo-linux-arm64/1.8.2
      turbo-windows-64: registry.npmmirror.com/turbo-windows-64/1.8.2
      turbo-windows-arm64: registry.npmmirror.com/turbo-windows-arm64/1.8.2
    dev: true
